
Microsoft Visual Studio Solution File, Format Version 12.00
# Visual Studio 15
VisualStudioVersion = 15.0.28307.902
MinimumVisualStudioVersion = 10.0.40219.1
Project("{FAE04EC0-301F-11D3-BF4B-00C04F79EFBC}") = "WindowsFormsApp1", "WindowsFormsApp1\WindowsFormsApp1.csproj", "{782F3473-CD65-4D43-BEE5-0582D7EBF0A8}"
EndProject
Global
	GlobalSection(SolutionConfigurationPlatforms) = preSolution
		Debug|Any CPU = Debug|Any CPU
		Release|Any CPU = Release|Any CPU
	EndGlobalSection
	GlobalSection(ProjectConfigurationPlatforms) = postSolution
		{782F3473-CD65-4D43-BEE5-0582D7EBF0A8}.Debug|Any CPU.ActiveCfg = Debug|Any CPU
		{782F3473-CD65-4D43-BEE5-0582D7EBF0A8}.Debug|Any CPU.Build.0 = Debug|Any CPU
		{782F3473-CD65-4D43-BEE5-0582D7EBF0A8}.Release|Any CPU.ActiveCfg = Release|Any CPU
		{782F3473-CD65-4D43-BEE5-0582D7EBF0A8}.Release|Any CPU.Build.0 = Release|Any CPU
	EndGlobalSection
	GlobalSection(SolutionProperties) = preSolution
		HideSolutionNode = FALSE
	EndGlobalSection
	GlobalSection(ExtensibilityGlobals) = postSolution
		SolutionGuid = {F963D1CC-21E7-465F-B49C-8FC9AB6689D8}
	EndGlobalSection
EndGlobal
